// !$*UTF8*$!
{
	archiveVersion = 1;
	classes = {
	};
	objectVersion = 55;
	objects = {

/* Begin PBXBuildFile section */
		5D9BCBBC274484C20046969C /* Localizable.strings in Resources */ = {isa = PBXBuildFile; fileRef = 5D9BCBBE274484C20046969C /* Localizable.strings */; };
		5DAF0E4427344CF800E49A93 /* PracticeViewController.swift in Sources */ = {isa = PBXBuildFile; fileRef = 5DAF0E4327344CF800E49A93 /* PracticeViewController.swift */; };
		5DAF0E4627344D5E00E49A93 /* FeedbackViewController.swift in Sources */ = {isa = PBXBuildFile; fileRef = 5DAF0E4527344D5E00E49A93 /* FeedbackViewController.swift */; };
		5DE6026D2718B86E00341772 /* AppDelegate.swift in Sources */ = {isa = PBXBuildFile; fileRef = 5DE6026C2718B86E00341772 /* AppDelegate.swift */; };
		5DE6026F2718B86E00341772 /* SceneDelegate.swift in Sources */ = {isa = PBXBuildFile; fileRef = 5DE6026E2718B86E00341772 /* SceneDelegate.swift */; };
		5DE602742718B86E00341772 /* Main.storyboard in Resources */ = {isa = PBXBuildFile; fileRef = 5DE602722718B86E00341772 /* Main.storyboard */; };
		5DE602772718B86E00341772 /* FlashCards.xcdatamodeld in Sources */ = {isa = PBXBuildFile; fileRef = 5DE602752718B86E00341772 /* FlashCards.xcdatamodeld */; };
		5DE602792718B87000341772 /* Assets.xcassets in Resources */ = {isa = PBXBuildFile; fileRef = 5DE602782718B87000341772 /* Assets.xcassets */; };
		5DE6027C2718B87000341772 /* LaunchScreen.storyboard in Resources */ = {isa = PBXBuildFile; fileRef = 5DE6027A2718B87000341772 /* LaunchScreen.storyboard */; };
		5DE602872718B87100341772 /* FlashCardsTests.swift in Sources */ = {isa = PBXBuildFile; fileRef = 5DE602862718B87100341772 /* FlashCardsTests.swift */; };
		5DE602912718B87100341772 /* FlashCardsUITests.swift in Sources */ = {isa = PBXBuildFile; fileRef = 5DE602902718B87100341772 /* FlashCardsUITests.swift */; };
		5DE602932718B87100341772 /* FlashCardsUITestsLaunchTests.swift in Sources */ = {isa = PBXBuildFile; fileRef = 5DE602922718B87100341772 /* FlashCardsUITestsLaunchTests.swift */; };
		5DEF47B1273AFEC6004B46BA /* DesignSystem.swift in Sources */ = {isa = PBXBuildFile; fileRef = 5DEF47B0273AFEC6004B46BA /* DesignSystem.swift */; };
		9F67A99F273991C300B63F8D /* SwitchTableViewCell.swift in Sources */ = {isa = PBXBuildFile; fileRef = 9F67A99E273991C300B63F8D /* SwitchTableViewCell.swift */; };
		9F81EDE4272B1A2500AFADC8 /* NewDeckTableViewCell.swift in Sources */ = {isa = PBXBuildFile; fileRef = 9F81EDE3272B1A2500AFADC8 /* NewDeckTableViewCell.swift */; };
		9F81EDE6272B1A4200AFADC8 /* NewCardTableViewCell.swift in Sources */ = {isa = PBXBuildFile; fileRef = 9F81EDE5272B1A4200AFADC8 /* NewCardTableViewCell.swift */; };
		9F81EDEA272B31F200AFADC8 /* CardCollectionViewCell.swift in Sources */ = {isa = PBXBuildFile; fileRef = 9F81EDE9272B31F200AFADC8 /* CardCollectionViewCell.swift */; };
		9FB8A1932745783900252310 /* TextView+Additions.swift in Sources */ = {isa = PBXBuildFile; fileRef = 9FB8A1922745783900252310 /* TextView+Additions.swift */; };
		9FF7A1B3272873A700FBCAE3 /* CreateDeckViewController.swift in Sources */ = {isa = PBXBuildFile; fileRef = 9FF7A1B2272873A700FBCAE3 /* CreateDeckViewController.swift */; };
		C008826127351934009A27A0 /* ProgressCollectionViewCell.swift in Sources */ = {isa = PBXBuildFile; fileRef = C008826027351934009A27A0 /* ProgressCollectionViewCell.swift */; };
		C008826327351959009A27A0 /* SearchCollectionViewCell.swift in Sources */ = {isa = PBXBuildFile; fileRef = C008826227351959009A27A0 /* SearchCollectionViewCell.swift */; };
		C03DFC44273D87DA00599436 /* TabBarController.swift in Sources */ = {isa = PBXBuildFile; fileRef = C03DFC43273D87DA00599436 /* TabBarController.swift */; };
		C03DFC47273D922D00599436 /* Settings.storyboard in Resources */ = {isa = PBXBuildFile; fileRef = C03DFC46273D922D00599436 /* Settings.storyboard */; };
		C044EEEF272B13790033B02B /* SingleDeckViewController.swift in Sources */ = {isa = PBXBuildFile; fileRef = C044EEEE272B13790033B02B /* SingleDeckViewController.swift */; };
		C05713332743EBF900A9F854 /* ThemeSettings.swift in Sources */ = {isa = PBXBuildFile; fileRef = C05713322743EBF900A9F854 /* ThemeSettings.swift */; };
		C05713352743ED7700A9F854 /* SettingsViewController.swift in Sources */ = {isa = PBXBuildFile; fileRef = C05713342743ED7700A9F854 /* SettingsViewController.swift */; };
		C057133727442CC500A9F854 /* EmptyStateMyDecksCollectionViewCell.swift in Sources */ = {isa = PBXBuildFile; fileRef = C057133627442CC500A9F854 /* EmptyStateMyDecksCollectionViewCell.swift */; };
		C057133927443E0E00A9F854 /* EmptyStateCreateDeckCollectionViewCell.swift in Sources */ = {isa = PBXBuildFile; fileRef = C057133827443E0E00A9F854 /* EmptyStateCreateDeckCollectionViewCell.swift */; };
		C0A2BB3427272E990069B525 /* Deck.storyboard in Resources */ = {isa = PBXBuildFile; fileRef = C0A2BB3327272E990069B525 /* Deck.storyboard */; };
		C0A2BB37272734170069B525 /* Practice.storyboard in Resources */ = {isa = PBXBuildFile; fileRef = C0A2BB36272734170069B525 /* Practice.storyboard */; };
		C0A2BB3B2727379F0069B525 /* MyDecks.storyboard in Resources */ = {isa = PBXBuildFile; fileRef = C0A2BB3A2727379F0069B525 /* MyDecks.storyboard */; };
		C0A2BB3D2727393F0069B525 /* CreateDeck.storyboard in Resources */ = {isa = PBXBuildFile; fileRef = C0A2BB3C2727393F0069B525 /* CreateDeck.storyboard */; };
		C0BC72FD27287FBE0016DBF9 /* MyDecksViewController.swift in Sources */ = {isa = PBXBuildFile; fileRef = C0BC72FC27287FBE0016DBF9 /* MyDecksViewController.swift */; };
		C0BC72FF272886D70016DBF9 /* MyDecksCollectionViewCell.swift in Sources */ = {isa = PBXBuildFile; fileRef = C0BC72FE272886D70016DBF9 /* MyDecksCollectionViewCell.swift */; };
		C0BC7301272893220016DBF9 /* TitleMyDecksCollectionViewCell.swift in Sources */ = {isa = PBXBuildFile; fileRef = C0BC7300272893220016DBF9 /* TitleMyDecksCollectionViewCell.swift */; };
		C0C25AD627399BE900F6A46D /* Progress+CoreDataClass.swift in Sources */ = {isa = PBXBuildFile; fileRef = C0C25ACE27399BE900F6A46D /* Progress+CoreDataClass.swift */; };
		C0C25AD727399BE900F6A46D /* Progress+CoreDataProperties.swift in Sources */ = {isa = PBXBuildFile; fileRef = C0C25ACF27399BE900F6A46D /* Progress+CoreDataProperties.swift */; };
		C0C25AD827399BE900F6A46D /* Content+CoreDataClass.swift in Sources */ = {isa = PBXBuildFile; fileRef = C0C25AD027399BE900F6A46D /* Content+CoreDataClass.swift */; };
		C0C25AD927399BE900F6A46D /* Content+CoreDataProperties.swift in Sources */ = {isa = PBXBuildFile; fileRef = C0C25AD127399BE900F6A46D /* Content+CoreDataProperties.swift */; };
		C0C25ADA27399BE900F6A46D /* Deck+CoreDataClass.swift in Sources */ = {isa = PBXBuildFile; fileRef = C0C25AD227399BE900F6A46D /* Deck+CoreDataClass.swift */; };
		C0C25ADB27399BE900F6A46D /* Deck+CoreDataProperties.swift in Sources */ = {isa = PBXBuildFile; fileRef = C0C25AD327399BE900F6A46D /* Deck+CoreDataProperties.swift */; };
		C0C25ADC27399BE900F6A46D /* Card+CoreDataClass.swift in Sources */ = {isa = PBXBuildFile; fileRef = C0C25AD427399BE900F6A46D /* Card+CoreDataClass.swift */; };
		C0C25ADD27399BE900F6A46D /* Card+CoreDataProperties.swift in Sources */ = {isa = PBXBuildFile; fileRef = C0C25AD527399BE900F6A46D /* Card+CoreDataProperties.swift */; };
		C0D4C0D3273C38DC0078BF00 /* DeleteDeckTableViewCell.swift in Sources */ = {isa = PBXBuildFile; fileRef = C0D4C0D2273C38DC0078BF00 /* DeleteDeckTableViewCell.swift */; };
		C0D8D3FE27348CB800EDFA5B /* CircularProgressView.swift in Sources */ = {isa = PBXBuildFile; fileRef = C0D8D3FD27348CB800EDFA5B /* CircularProgressView.swift */; };
		C0ED7E20273EDA990011C59C /* EscolherImagem.swift in Sources */ = {isa = PBXBuildFile; fileRef = C0ED7E1F273EDA990011C59C /* EscolherImagem.swift */; };
		C0ED7E22273EDF2A0011C59C /* SelectImageViewController.swift in Sources */ = {isa = PBXBuildFile; fileRef = C0ED7E21273EDF2A0011C59C /* SelectImageViewController.swift */; };
/* End PBXBuildFile section */

/* Begin PBXContainerItemProxy section */
		5DE602832718B87100341772 /* PBXContainerItemProxy */ = {
			isa = PBXContainerItemProxy;
			containerPortal = 5DE602612718B86E00341772 /* Project object */;
			proxyType = 1;
			remoteGlobalIDString = 5DE602682718B86E00341772;
			remoteInfo = FlashCards;
		};
		5DE6028D2718B87100341772 /* PBXContainerItemProxy */ = {
			isa = PBXContainerItemProxy;
			containerPortal = 5DE602612718B86E00341772 /* Project object */;
			proxyType = 1;
			remoteGlobalIDString = 5DE602682718B86E00341772;
			remoteInfo = FlashCards;
		};
/* End PBXContainerItemProxy section */

/* Begin PBXFileReference section */
		5D9BCBB8274484AA0046969C /* pt-BR */ = {isa = PBXFileReference; lastKnownFileType = text.plist.strings; name = "pt-BR"; path = "pt-BR.lproj/Main.strings"; sourceTree = "<group>"; };
		5D9BCBB9274484AA0046969C /* pt-BR */ = {isa = PBXFileReference; lastKnownFileType = text.plist.strings; name = "pt-BR"; path = "pt-BR.lproj/LaunchScreen.strings"; sourceTree = "<group>"; };
		5D9BCBBD274484C20046969C /* en */ = {isa = PBXFileReference; lastKnownFileType = text.plist.strings; name = en; path = en.lproj/Localizable.strings; sourceTree = "<group>"; };
		5D9BCBBF274484C40046969C /* pt-BR */ = {isa = PBXFileReference; lastKnownFileType = text.plist.strings; name = "pt-BR"; path = "pt-BR.lproj/Localizable.strings"; sourceTree = "<group>"; };
		5DAF0E4327344CF800E49A93 /* PracticeViewController.swift */ = {isa = PBXFileReference; lastKnownFileType = sourcecode.swift; path = PracticeViewController.swift; sourceTree = "<group>"; };
		5DAF0E4527344D5E00E49A93 /* FeedbackViewController.swift */ = {isa = PBXFileReference; lastKnownFileType = sourcecode.swift; path = FeedbackViewController.swift; sourceTree = "<group>"; };
		5DE602692718B86E00341772 /* FlashCards.app */ = {isa = PBXFileReference; explicitFileType = wrapper.application; includeInIndex = 0; path = FlashCards.app; sourceTree = BUILT_PRODUCTS_DIR; };
		5DE6026C2718B86E00341772 /* AppDelegate.swift */ = {isa = PBXFileReference; lastKnownFileType = sourcecode.swift; path = AppDelegate.swift; sourceTree = "<group>"; };
		5DE6026E2718B86E00341772 /* SceneDelegate.swift */ = {isa = PBXFileReference; lastKnownFileType = sourcecode.swift; path = SceneDelegate.swift; sourceTree = "<group>"; };
		5DE602732718B86E00341772 /* Base */ = {isa = PBXFileReference; lastKnownFileType = file.storyboard; name = Base; path = Base.lproj/Main.storyboard; sourceTree = "<group>"; };
		5DE602762718B86E00341772 /* FlashCards.xcdatamodel */ = {isa = PBXFileReference; lastKnownFileType = wrapper.xcdatamodel; path = FlashCards.xcdatamodel; sourceTree = "<group>"; };
		5DE602782718B87000341772 /* Assets.xcassets */ = {isa = PBXFileReference; lastKnownFileType = folder.assetcatalog; path = Assets.xcassets; sourceTree = "<group>"; };
		5DE6027B2718B87000341772 /* Base */ = {isa = PBXFileReference; lastKnownFileType = file.storyboard; name = Base; path = Base.lproj/LaunchScreen.storyboard; sourceTree = "<group>"; };
		5DE6027D2718B87000341772 /* Info.plist */ = {isa = PBXFileReference; lastKnownFileType = text.plist.xml; path = Info.plist; sourceTree = "<group>"; };
		5DE602822718B87100341772 /* FlashCardsTests.xctest */ = {isa = PBXFileReference; explicitFileType = wrapper.cfbundle; includeInIndex = 0; path = FlashCardsTests.xctest; sourceTree = BUILT_PRODUCTS_DIR; };
		5DE602862718B87100341772 /* FlashCardsTests.swift */ = {isa = PBXFileReference; lastKnownFileType = sourcecode.swift; path = FlashCardsTests.swift; sourceTree = "<group>"; };
		5DE6028C2718B87100341772 /* FlashCardsUITests.xctest */ = {isa = PBXFileReference; explicitFileType = wrapper.cfbundle; includeInIndex = 0; path = FlashCardsUITests.xctest; sourceTree = BUILT_PRODUCTS_DIR; };
		5DE602902718B87100341772 /* FlashCardsUITests.swift */ = {isa = PBXFileReference; lastKnownFileType = sourcecode.swift; path = FlashCardsUITests.swift; sourceTree = "<group>"; };
		5DE602922718B87100341772 /* FlashCardsUITestsLaunchTests.swift */ = {isa = PBXFileReference; lastKnownFileType = sourcecode.swift; path = FlashCardsUITestsLaunchTests.swift; sourceTree = "<group>"; };
		5DEF47B0273AFEC6004B46BA /* DesignSystem.swift */ = {isa = PBXFileReference; lastKnownFileType = sourcecode.swift; path = DesignSystem.swift; sourceTree = "<group>"; };
		9F67A99E273991C300B63F8D /* SwitchTableViewCell.swift */ = {isa = PBXFileReference; lastKnownFileType = sourcecode.swift; path = SwitchTableViewCell.swift; sourceTree = "<group>"; };
		9F81EDE3272B1A2500AFADC8 /* NewDeckTableViewCell.swift */ = {isa = PBXFileReference; lastKnownFileType = sourcecode.swift; path = NewDeckTableViewCell.swift; sourceTree = "<group>"; };
		9F81EDE5272B1A4200AFADC8 /* NewCardTableViewCell.swift */ = {isa = PBXFileReference; lastKnownFileType = sourcecode.swift; path = NewCardTableViewCell.swift; sourceTree = "<group>"; };
		9F81EDE9272B31F200AFADC8 /* CardCollectionViewCell.swift */ = {isa = PBXFileReference; lastKnownFileType = sourcecode.swift; path = CardCollectionViewCell.swift; sourceTree = "<group>"; };
		9FB8A1922745783900252310 /* TextView+Additions.swift */ = {isa = PBXFileReference; lastKnownFileType = sourcecode.swift; path = "TextView+Additions.swift"; sourceTree = "<group>"; };
		9FF7A1B2272873A700FBCAE3 /* CreateDeckViewController.swift */ = {isa = PBXFileReference; lastKnownFileType = sourcecode.swift; path = CreateDeckViewController.swift; sourceTree = "<group>"; };
		C008826027351934009A27A0 /* ProgressCollectionViewCell.swift */ = {isa = PBXFileReference; lastKnownFileType = sourcecode.swift; path = ProgressCollectionViewCell.swift; sourceTree = "<group>"; };
		C008826227351959009A27A0 /* SearchCollectionViewCell.swift */ = {isa = PBXFileReference; lastKnownFileType = sourcecode.swift; path = SearchCollectionViewCell.swift; sourceTree = "<group>"; };
		C03DFC43273D87DA00599436 /* TabBarController.swift */ = {isa = PBXFileReference; lastKnownFileType = sourcecode.swift; path = TabBarController.swift; sourceTree = "<group>"; };
		C03DFC46273D922D00599436 /* Settings.storyboard */ = {isa = PBXFileReference; lastKnownFileType = file.storyboard; path = Settings.storyboard; sourceTree = "<group>"; };
		C044EEEE272B13790033B02B /* SingleDeckViewController.swift */ = {isa = PBXFileReference; lastKnownFileType = sourcecode.swift; name = SingleDeckViewController.swift; path = FlashCards/Deck/SingleDeckViewController.swift; sourceTree = SOURCE_ROOT; };
		C05713322743EBF900A9F854 /* ThemeSettings.swift */ = {isa = PBXFileReference; lastKnownFileType = sourcecode.swift; path = ThemeSettings.swift; sourceTree = "<group>"; };
		C05713342743ED7700A9F854 /* SettingsViewController.swift */ = {isa = PBXFileReference; lastKnownFileType = sourcecode.swift; path = SettingsViewController.swift; sourceTree = "<group>"; };
		C057133627442CC500A9F854 /* EmptyStateMyDecksCollectionViewCell.swift */ = {isa = PBXFileReference; lastKnownFileType = sourcecode.swift; path = EmptyStateMyDecksCollectionViewCell.swift; sourceTree = "<group>"; };
		C057133827443E0E00A9F854 /* EmptyStateCreateDeckCollectionViewCell.swift */ = {isa = PBXFileReference; lastKnownFileType = sourcecode.swift; path = EmptyStateCreateDeckCollectionViewCell.swift; sourceTree = "<group>"; };
		C0A2BB3327272E990069B525 /* Deck.storyboard */ = {isa = PBXFileReference; lastKnownFileType = file.storyboard; path = Deck.storyboard; sourceTree = "<group>"; };
		C0A2BB36272734170069B525 /* Practice.storyboard */ = {isa = PBXFileReference; lastKnownFileType = file.storyboard; path = Practice.storyboard; sourceTree = "<group>"; };
		C0A2BB3A2727379F0069B525 /* MyDecks.storyboard */ = {isa = PBXFileReference; lastKnownFileType = file.storyboard; path = MyDecks.storyboard; sourceTree = "<group>"; };
		C0A2BB3C2727393F0069B525 /* CreateDeck.storyboard */ = {isa = PBXFileReference; lastKnownFileType = file.storyboard; path = CreateDeck.storyboard; sourceTree = "<group>"; };
		C0BC72FC27287FBE0016DBF9 /* MyDecksViewController.swift */ = {isa = PBXFileReference; lastKnownFileType = sourcecode.swift; path = MyDecksViewController.swift; sourceTree = "<group>"; };
		C0BC72FE272886D70016DBF9 /* MyDecksCollectionViewCell.swift */ = {isa = PBXFileReference; lastKnownFileType = sourcecode.swift; path = MyDecksCollectionViewCell.swift; sourceTree = "<group>"; };
		C0BC7300272893220016DBF9 /* TitleMyDecksCollectionViewCell.swift */ = {isa = PBXFileReference; lastKnownFileType = sourcecode.swift; path = TitleMyDecksCollectionViewCell.swift; sourceTree = "<group>"; };
		C0C25ACE27399BE900F6A46D /* Progress+CoreDataClass.swift */ = {isa = PBXFileReference; lastKnownFileType = sourcecode.swift; name = "Progress+CoreDataClass.swift"; path = "FlashCards/Model/Progress+CoreDataClass.swift"; sourceTree = SOURCE_ROOT; };
		C0C25ACF27399BE900F6A46D /* Progress+CoreDataProperties.swift */ = {isa = PBXFileReference; lastKnownFileType = sourcecode.swift; name = "Progress+CoreDataProperties.swift"; path = "FlashCards/Model/Progress+CoreDataProperties.swift"; sourceTree = SOURCE_ROOT; };
		C0C25AD027399BE900F6A46D /* Content+CoreDataClass.swift */ = {isa = PBXFileReference; lastKnownFileType = sourcecode.swift; name = "Content+CoreDataClass.swift"; path = "FlashCards/Model/Content+CoreDataClass.swift"; sourceTree = SOURCE_ROOT; };
		C0C25AD127399BE900F6A46D /* Content+CoreDataProperties.swift */ = {isa = PBXFileReference; lastKnownFileType = sourcecode.swift; name = "Content+CoreDataProperties.swift"; path = "FlashCards/Model/Content+CoreDataProperties.swift"; sourceTree = SOURCE_ROOT; };
		C0C25AD227399BE900F6A46D /* Deck+CoreDataClass.swift */ = {isa = PBXFileReference; lastKnownFileType = sourcecode.swift; name = "Deck+CoreDataClass.swift"; path = "FlashCards/Model/Deck+CoreDataClass.swift"; sourceTree = SOURCE_ROOT; };
		C0C25AD327399BE900F6A46D /* Deck+CoreDataProperties.swift */ = {isa = PBXFileReference; lastKnownFileType = sourcecode.swift; name = "Deck+CoreDataProperties.swift"; path = "FlashCards/Model/Deck+CoreDataProperties.swift"; sourceTree = SOURCE_ROOT; };
		C0C25AD427399BE900F6A46D /* Card+CoreDataClass.swift */ = {isa = PBXFileReference; lastKnownFileType = sourcecode.swift; name = "Card+CoreDataClass.swift"; path = "FlashCards/Model/Card+CoreDataClass.swift"; sourceTree = SOURCE_ROOT; };
		C0C25AD527399BE900F6A46D /* Card+CoreDataProperties.swift */ = {isa = PBXFileReference; lastKnownFileType = sourcecode.swift; name = "Card+CoreDataProperties.swift"; path = "FlashCards/Model/Card+CoreDataProperties.swift"; sourceTree = SOURCE_ROOT; };
		C0D4C0D2273C38DC0078BF00 /* DeleteDeckTableViewCell.swift */ = {isa = PBXFileReference; lastKnownFileType = sourcecode.swift; path = DeleteDeckTableViewCell.swift; sourceTree = "<group>"; };
		C0D8D3FD27348CB800EDFA5B /* CircularProgressView.swift */ = {isa = PBXFileReference; lastKnownFileType = sourcecode.swift; path = CircularProgressView.swift; sourceTree = "<group>"; };
		C0ED7E1F273EDA990011C59C /* EscolherImagem.swift */ = {isa = PBXFileReference; lastKnownFileType = sourcecode.swift; path = EscolherImagem.swift; sourceTree = "<group>"; };
		C0ED7E21273EDF2A0011C59C /* SelectImageViewController.swift */ = {isa = PBXFileReference; lastKnownFileType = sourcecode.swift; path = SelectImageViewController.swift; sourceTree = "<group>"; };
/* End PBXFileReference section */

/* Begin PBXFrameworksBuildPhase section */
		5DE602662718B86E00341772 /* Frameworks */ = {
			isa = PBXFrameworksBuildPhase;
			buildActionMask = 2147483647;
			files = (
			);
			runOnlyForDeploymentPostprocessing = 0;
		};
		5DE6027F2718B87100341772 /* Frameworks */ = {
			isa = PBXFrameworksBuildPhase;
			buildActionMask = 2147483647;
			files = (
			);
			runOnlyForDeploymentPostprocessing = 0;
		};
		5DE602892718B87100341772 /* Frameworks */ = {
			isa = PBXFrameworksBuildPhase;
			buildActionMask = 2147483647;
			files = (
			);
			runOnlyForDeploymentPostprocessing = 0;
		};
/* End PBXFrameworksBuildPhase section */

/* Begin PBXGroup section */
		5DE602602718B86E00341772 = {
			isa = PBXGroup;
			children = (
				5DE6026B2718B86E00341772 /* FlashCards */,
				5DE602852718B87100341772 /* FlashCardsTests */,
				5DE6028F2718B87100341772 /* FlashCardsUITests */,
				5DE6026A2718B86E00341772 /* Products */,
			);
			sourceTree = "<group>";
		};
		5DE6026A2718B86E00341772 /* Products */ = {
			isa = PBXGroup;
			children = (
				5DE602692718B86E00341772 /* FlashCards.app */,
				5DE602822718B87100341772 /* FlashCardsTests.xctest */,
				5DE6028C2718B87100341772 /* FlashCardsUITests.xctest */,
			);
			name = Products;
			sourceTree = "<group>";
		};
		5DE6026B2718B86E00341772 /* FlashCards */ = {
			isa = PBXGroup;
			children = (
				C03DFC45273D91FA00599436 /* Settings */,
				C0BC72FA27286C990016DBF9 /* Deck */,
				C0BC72F927286C7D0016DBF9 /* MyDecks */,
				C0BC72F827286C5F0016DBF9 /* Create Deck */,
				C0BC72F727286C540016DBF9 /* Practice */,
				5DEF47B2273AFF0D004B46BA /* DesignSystem */,
				C0C25ADE2739BB9E00F6A46D /* Model */,
				5DE6026C2718B86E00341772 /* AppDelegate.swift */,
				5DE6026E2718B86E00341772 /* SceneDelegate.swift */,
				C0D8D3FD27348CB800EDFA5B /* CircularProgressView.swift */,
				5DE602722718B86E00341772 /* Main.storyboard */,
				C03DFC43273D87DA00599436 /* TabBarController.swift */,
				5DE6027A2718B87000341772 /* LaunchScreen.storyboard */,
				5DE602782718B87000341772 /* Assets.xcassets */,
				5DE6027D2718B87000341772 /* Info.plist */,
				5DE602752718B86E00341772 /* FlashCards.xcdatamodeld */,
				5D9BCBBE274484C20046969C /* Localizable.strings */,
			);
			path = FlashCards;
			sourceTree = "<group>";
		};
		5DE602852718B87100341772 /* FlashCardsTests */ = {
			isa = PBXGroup;
			children = (
				5DE602862718B87100341772 /* FlashCardsTests.swift */,
			);
			path = FlashCardsTests;
			sourceTree = "<group>";
		};
		5DE6028F2718B87100341772 /* FlashCardsUITests */ = {
			isa = PBXGroup;
			children = (
				5DE602902718B87100341772 /* FlashCardsUITests.swift */,
				5DE602922718B87100341772 /* FlashCardsUITestsLaunchTests.swift */,
			);
			path = FlashCardsUITests;
			sourceTree = "<group>";
		};
		5DEF47B2273AFF0D004B46BA /* DesignSystem */ = {
			isa = PBXGroup;
			children = (
				5DEF47B0273AFEC6004B46BA /* DesignSystem.swift */,
			);
			path = DesignSystem;
			sourceTree = "<group>";
		};
		C03DFC45273D91FA00599436 /* Settings */ = {
			isa = PBXGroup;
			children = (
				C05713342743ED7700A9F854 /* SettingsViewController.swift */,
				C03DFC46273D922D00599436 /* Settings.storyboard */,
				C05713322743EBF900A9F854 /* ThemeSettings.swift */,
			);
			path = Settings;
			sourceTree = "<group>";
		};
		C0BC72F727286C540016DBF9 /* Practice */ = {
			isa = PBXGroup;
			children = (
				5DAF0E4327344CF800E49A93 /* PracticeViewController.swift */,
				C0A2BB36272734170069B525 /* Practice.storyboard */,
				5DAF0E4527344D5E00E49A93 /* FeedbackViewController.swift */,
			);
			path = Practice;
			sourceTree = "<group>";
		};
		C0BC72F827286C5F0016DBF9 /* Create Deck */ = {
			isa = PBXGroup;
			children = (
				9FF7A1B2272873A700FBCAE3 /* CreateDeckViewController.swift */,
				C0A2BB3C2727393F0069B525 /* CreateDeck.storyboard */,
				C0ED7E1F273EDA990011C59C /* EscolherImagem.swift */,
				9F81EDE3272B1A2500AFADC8 /* NewDeckTableViewCell.swift */,
				9F81EDE5272B1A4200AFADC8 /* NewCardTableViewCell.swift */,
				9F81EDE9272B31F200AFADC8 /* CardCollectionViewCell.swift */,
				C0D4C0D2273C38DC0078BF00 /* DeleteDeckTableViewCell.swift */,
				9F67A99E273991C300B63F8D /* SwitchTableViewCell.swift */,
				C057133827443E0E00A9F854 /* EmptyStateCreateDeckCollectionViewCell.swift */,
				9FB8A1922745783900252310 /* TextView+Additions.swift */,
			);
			path = "Create Deck";
			sourceTree = "<group>";
		};
		C0BC72F927286C7D0016DBF9 /* MyDecks */ = {
			isa = PBXGroup;
			children = (
				C0BC72FC27287FBE0016DBF9 /* MyDecksViewController.swift */,
				C0A2BB3A2727379F0069B525 /* MyDecks.storyboard */,
				C0ED7E21273EDF2A0011C59C /* SelectImageViewController.swift */,
				C008826027351934009A27A0 /* ProgressCollectionViewCell.swift */,
				C008826227351959009A27A0 /* SearchCollectionViewCell.swift */,
				C0BC7300272893220016DBF9 /* TitleMyDecksCollectionViewCell.swift */,
				C0BC72FE272886D70016DBF9 /* MyDecksCollectionViewCell.swift */,
				C057133627442CC500A9F854 /* EmptyStateMyDecksCollectionViewCell.swift */,
			);
			path = MyDecks;
			sourceTree = "<group>";
		};
		C0BC72FA27286C990016DBF9 /* Deck */ = {
			isa = PBXGroup;
			children = (
				C044EEEE272B13790033B02B /* SingleDeckViewController.swift */,
				C0A2BB3327272E990069B525 /* Deck.storyboard */,
			);
			path = Deck;
			sourceTree = "<group>";
		};
		C0C25ADE2739BB9E00F6A46D /* Model */ = {
			isa = PBXGroup;
			children = (
				C0C25ACE27399BE900F6A46D /* Progress+CoreDataClass.swift */,
				C0C25ACF27399BE900F6A46D /* Progress+CoreDataProperties.swift */,
				C0C25AD027399BE900F6A46D /* Content+CoreDataClass.swift */,
				C0C25AD127399BE900F6A46D /* Content+CoreDataProperties.swift */,
				C0C25AD227399BE900F6A46D /* Deck+CoreDataClass.swift */,
				C0C25AD327399BE900F6A46D /* Deck+CoreDataProperties.swift */,
				C0C25AD427399BE900F6A46D /* Card+CoreDataClass.swift */,
				C0C25AD527399BE900F6A46D /* Card+CoreDataProperties.swift */,
			);
			path = Model;
			sourceTree = "<group>";
		};
/* End PBXGroup section */

/* Begin PBXNativeTarget section */
		5DE602682718B86E00341772 /* FlashCards */ = {
			isa = PBXNativeTarget;
			buildConfigurationList = 5DE602962718B87100341772 /* Build configuration list for PBXNativeTarget "FlashCards" */;
			buildPhases = (
				5DE602652718B86E00341772 /* Sources */,
				5DE602662718B86E00341772 /* Frameworks */,
				5DE602672718B86E00341772 /* Resources */,
			);
			buildRules = (
			);
			dependencies = (
			);
			name = FlashCards;
			productName = FlashCards;
			productReference = 5DE602692718B86E00341772 /* FlashCards.app */;
			productType = "com.apple.product-type.application";
		};
		5DE602812718B87100341772 /* FlashCardsTests */ = {
			isa = PBXNativeTarget;
			buildConfigurationList = 5DE602992718B87100341772 /* Build configuration list for PBXNativeTarget "FlashCardsTests" */;
			buildPhases = (
				5DE6027E2718B87100341772 /* Sources */,
				5DE6027F2718B87100341772 /* Frameworks */,
				5DE602802718B87100341772 /* Resources */,
			);
			buildRules = (
			);
			dependencies = (
				5DE602842718B87100341772 /* PBXTargetDependency */,
			);
			name = FlashCardsTests;
			productName = FlashCardsTests;
			productReference = 5DE602822718B87100341772 /* FlashCardsTests.xctest */;
			productType = "com.apple.product-type.bundle.unit-test";
		};
		5DE6028B2718B87100341772 /* FlashCardsUITests */ = {
			isa = PBXNativeTarget;
			buildConfigurationList = 5DE6029C2718B87100341772 /* Build configuration list for PBXNativeTarget "FlashCardsUITests" */;
			buildPhases = (
				5DE602882718B87100341772 /* Sources */,
				5DE602892718B87100341772 /* Frameworks */,
				5DE6028A2718B87100341772 /* Resources */,
			);
			buildRules = (
			);
			dependencies = (
				5DE6028E2718B87100341772 /* PBXTargetDependency */,
			);
			name = FlashCardsUITests;
			productName = FlashCardsUITests;
			productReference = 5DE6028C2718B87100341772 /* FlashCardsUITests.xctest */;
			productType = "com.apple.product-type.bundle.ui-testing";
		};
/* End PBXNativeTarget section */

/* Begin PBXProject section */
		5DE602612718B86E00341772 /* Project object */ = {
			isa = PBXProject;
			attributes = {
				BuildIndependentTargetsInParallel = 1;
				LastSwiftUpdateCheck = 1300;
				LastUpgradeCheck = 1300;
				TargetAttributes = {
					5DE602682718B86E00341772 = {
						CreatedOnToolsVersion = 13.0;
					};
					5DE602812718B87100341772 = {
						CreatedOnToolsVersion = 13.0;
						TestTargetID = 5DE602682718B86E00341772;
					};
					5DE6028B2718B87100341772 = {
						CreatedOnToolsVersion = 13.0;
						TestTargetID = 5DE602682718B86E00341772;
					};
				};
			};
			buildConfigurationList = 5DE602642718B86E00341772 /* Build configuration list for PBXProject "FlashCards" */;
			compatibilityVersion = "Xcode 13.0";
			developmentRegion = en;
			hasScannedForEncodings = 0;
			knownRegions = (
				en,
				Base,
				"pt-BR",
			);
			mainGroup = 5DE602602718B86E00341772;
			productRefGroup = 5DE6026A2718B86E00341772 /* Products */;
			projectDirPath = "";
			projectRoot = "";
			targets = (
				5DE602682718B86E00341772 /* FlashCards */,
				5DE602812718B87100341772 /* FlashCardsTests */,
				5DE6028B2718B87100341772 /* FlashCardsUITests */,
			);
		};
/* End PBXProject section */

/* Begin PBXResourcesBuildPhase section */
		5DE602672718B86E00341772 /* Resources */ = {
			isa = PBXResourcesBuildPhase;
			buildActionMask = 2147483647;
			files = (
				5DE6027C2718B87000341772 /* LaunchScreen.storyboard in Resources */,
				C0A2BB3B2727379F0069B525 /* MyDecks.storyboard in Resources */,
				C0A2BB37272734170069B525 /* Practice.storyboard in Resources */,
				C0A2BB3427272E990069B525 /* Deck.storyboard in Resources */,
				5DE602792718B87000341772 /* Assets.xcassets in Resources */,
				5D9BCBBC274484C20046969C /* Localizable.strings in Resources */,
				C03DFC47273D922D00599436 /* Settings.storyboard in Resources */,
				5DE602742718B86E00341772 /* Main.storyboard in Resources */,
				C0A2BB3D2727393F0069B525 /* CreateDeck.storyboard in Resources */,
			);
			runOnlyForDeploymentPostprocessing = 0;
		};
		5DE602802718B87100341772 /* Resources */ = {
			isa = PBXResourcesBuildPhase;
			buildActionMask = 2147483647;
			files = (
			);
			runOnlyForDeploymentPostprocessing = 0;
		};
		5DE6028A2718B87100341772 /* Resources */ = {
			isa = PBXResourcesBuildPhase;
			buildActionMask = 2147483647;
			files = (
			);
			runOnlyForDeploymentPostprocessing = 0;
		};
/* End PBXResourcesBuildPhase section */

/* Begin PBXSourcesBuildPhase section */
		5DE602652718B86E00341772 /* Sources */ = {
			isa = PBXSourcesBuildPhase;
			buildActionMask = 2147483647;
			files = (
				C0ED7E20273EDA990011C59C /* EscolherImagem.swift in Sources */,
				9F81EDE4272B1A2500AFADC8 /* NewDeckTableViewCell.swift in Sources */,
				9F81EDEA272B31F200AFADC8 /* CardCollectionViewCell.swift in Sources */,
				C0BC7301272893220016DBF9 /* TitleMyDecksCollectionViewCell.swift in Sources */,
				9FB8A1932745783900252310 /* TextView+Additions.swift in Sources */,
				5DE6026D2718B86E00341772 /* AppDelegate.swift in Sources */,
				9F67A99F273991C300B63F8D /* SwitchTableViewCell.swift in Sources */,
				C0C25AD827399BE900F6A46D /* Content+CoreDataClass.swift in Sources */,
				C0C25ADB27399BE900F6A46D /* Deck+CoreDataProperties.swift in Sources */,
				5DAF0E4627344D5E00E49A93 /* FeedbackViewController.swift in Sources */,
				C0C25ADA27399BE900F6A46D /* Deck+CoreDataClass.swift in Sources */,
				9F81EDE6272B1A4200AFADC8 /* NewCardTableViewCell.swift in Sources */,
				5DEF47B1273AFEC6004B46BA /* DesignSystem.swift in Sources */,
				5DE602772718B86E00341772 /* FlashCards.xcdatamodeld in Sources */,
				9FF7A1B3272873A700FBCAE3 /* CreateDeckViewController.swift in Sources */,
				C03DFC44273D87DA00599436 /* TabBarController.swift in Sources */,
				C057133927443E0E00A9F854 /* EmptyStateCreateDeckCollectionViewCell.swift in Sources */,
				C0C25ADD27399BE900F6A46D /* Card+CoreDataProperties.swift in Sources */,
				C0D4C0D3273C38DC0078BF00 /* DeleteDeckTableViewCell.swift in Sources */,
				C008826327351959009A27A0 /* SearchCollectionViewCell.swift in Sources */,
				C05713352743ED7700A9F854 /* SettingsViewController.swift in Sources */,
				5DE6026F2718B86E00341772 /* SceneDelegate.swift in Sources */,
				C05713332743EBF900A9F854 /* ThemeSettings.swift in Sources */,
				C044EEEF272B13790033B02B /* SingleDeckViewController.swift in Sources */,
				C057133727442CC500A9F854 /* EmptyStateMyDecksCollectionViewCell.swift in Sources */,
				C0C25AD627399BE900F6A46D /* Progress+CoreDataClass.swift in Sources */,
				C0C25ADC27399BE900F6A46D /* Card+CoreDataClass.swift in Sources */,
				C0BC72FF272886D70016DBF9 /* MyDecksCollectionViewCell.swift in Sources */,
				C0C25AD927399BE900F6A46D /* Content+CoreDataProperties.swift in Sources */,
				C0D8D3FE27348CB800EDFA5B /* CircularProgressView.swift in Sources */,
				C0C25AD727399BE900F6A46D /* Progress+CoreDataProperties.swift in Sources */,
				C0ED7E22273EDF2A0011C59C /* SelectImageViewController.swift in Sources */,
				C0BC72FD27287FBE0016DBF9 /* MyDecksViewController.swift in Sources */,
				C008826127351934009A27A0 /* ProgressCollectionViewCell.swift in Sources */,
				5DAF0E4427344CF800E49A93 /* PracticeViewController.swift in Sources */,
			);
			runOnlyForDeploymentPostprocessing = 0;
		};
		5DE6027E2718B87100341772 /* Sources */ = {
			isa = PBXSourcesBuildPhase;
			buildActionMask = 2147483647;
			files = (
				5DE602872718B87100341772 /* FlashCardsTests.swift in Sources */,
			);
			runOnlyForDeploymentPostprocessing = 0;
		};
		5DE602882718B87100341772 /* Sources */ = {
			isa = PBXSourcesBuildPhase;
			buildActionMask = 2147483647;
			files = (
				5DE602912718B87100341772 /* FlashCardsUITests.swift in Sources */,
				5DE602932718B87100341772 /* FlashCardsUITestsLaunchTests.swift in Sources */,
			);
			runOnlyForDeploymentPostprocessing = 0;
		};
/* End PBXSourcesBuildPhase section */

/* Begin PBXTargetDependency section */
		5DE602842718B87100341772 /* PBXTargetDependency */ = {
			isa = PBXTargetDependency;
			target = 5DE602682718B86E00341772 /* FlashCards */;
			targetProxy = 5DE602832718B87100341772 /* PBXContainerItemProxy */;
		};
		5DE6028E2718B87100341772 /* PBXTargetDependency */ = {
			isa = PBXTargetDependency;
			target = 5DE602682718B86E00341772 /* FlashCards */;
			targetProxy = 5DE6028D2718B87100341772 /* PBXContainerItemProxy */;
		};
/* End PBXTargetDependency section */

/* Begin PBXVariantGroup section */
		5D9BCBBE274484C20046969C /* Localizable.strings */ = {
			isa = PBXVariantGroup;
			children = (
				5D9BCBBD274484C20046969C /* en */,
				5D9BCBBF274484C40046969C /* pt-BR */,
			);
			name = Localizable.strings;
			sourceTree = "<group>";
		};
		5DE602722718B86E00341772 /* Main.storyboard */ = {
			isa = PBXVariantGroup;
			children = (
				5DE602732718B86E00341772 /* Base */,
				5D9BCBB8274484AA0046969C /* pt-BR */,
			);
			name = Main.storyboard;
			sourceTree = "<group>";
		};
		5DE6027A2718B87000341772 /* LaunchScreen.storyboard */ = {
			isa = PBXVariantGroup;
			children = (
				5DE6027B2718B87000341772 /* Base */,
				5D9BCBB9274484AA0046969C /* pt-BR */,
			);
			name = LaunchScreen.storyboard;
			sourceTree = "<group>";
		};
/* End PBXVariantGroup section */

/* Begin XCBuildConfiguration section */
		5DE602942718B87100341772 /* Debug */ = {
			isa = XCBuildConfiguration;
			buildSettings = {
				ALWAYS_SEARCH_USER_PATHS = NO;
				CLANG_ANALYZER_LOCALIZABILITY_NONLOCALIZED = YES;
				CLANG_ANALYZER_NONNULL = YES;
				CLANG_ANALYZER_NUMBER_OBJECT_CONVERSION = YES_AGGRESSIVE;
				CLANG_CXX_LANGUAGE_STANDARD = "gnu++17";
				CLANG_CXX_LIBRARY = "libc++";
				CLANG_ENABLE_MODULES = YES;
				CLANG_ENABLE_OBJC_ARC = YES;
				CLANG_ENABLE_OBJC_WEAK = YES;
				CLANG_WARN_BLOCK_CAPTURE_AUTORELEASING = YES;
				CLANG_WARN_BOOL_CONVERSION = YES;
				CLANG_WARN_COMMA = YES;
				CLANG_WARN_CONSTANT_CONVERSION = YES;
				CLANG_WARN_DEPRECATED_OBJC_IMPLEMENTATIONS = YES;
				CLANG_WARN_DIRECT_OBJC_ISA_USAGE = YES_ERROR;
				CLANG_WARN_DOCUMENTATION_COMMENTS = YES;
				CLANG_WARN_EMPTY_BODY = YES;
				CLANG_WARN_ENUM_CONVERSION = YES;
				CLANG_WARN_INFINITE_RECURSION = YES;
				CLANG_WARN_INT_CONVERSION = YES;
				CLANG_WARN_NON_LITERAL_NULL_CONVERSION = YES;
				CLANG_WARN_OBJC_IMPLICIT_RETAIN_SELF = YES;
				CLANG_WARN_OBJC_LITERAL_CONVERSION = YES;
				CLANG_WARN_OBJC_ROOT_CLASS = YES_ERROR;
				CLANG_WARN_QUOTED_INCLUDE_IN_FRAMEWORK_HEADER = YES;
				CLANG_WARN_RANGE_LOOP_ANALYSIS = YES;
				CLANG_WARN_STRICT_PROTOTYPES = YES;
				CLANG_WARN_SUSPICIOUS_MOVE = YES;
				CLANG_WARN_UNGUARDED_AVAILABILITY = YES_AGGRESSIVE;
				CLANG_WARN_UNREACHABLE_CODE = YES;
				CLANG_WARN__DUPLICATE_METHOD_MATCH = YES;
				COPY_PHASE_STRIP = NO;
				DEBUG_INFORMATION_FORMAT = dwarf;
				ENABLE_STRICT_OBJC_MSGSEND = YES;
				ENABLE_TESTABILITY = YES;
				GCC_C_LANGUAGE_STANDARD = gnu11;
				GCC_DYNAMIC_NO_PIC = NO;
				GCC_NO_COMMON_BLOCKS = YES;
				GCC_OPTIMIZATION_LEVEL = 0;
				GCC_PREPROCESSOR_DEFINITIONS = (
					"DEBUG=1",
					"$(inherited)",
				);
				GCC_WARN_64_TO_32_BIT_CONVERSION = YES;
				GCC_WARN_ABOUT_RETURN_TYPE = YES_ERROR;
				GCC_WARN_UNDECLARED_SELECTOR = YES;
				GCC_WARN_UNINITIALIZED_AUTOS = YES_AGGRESSIVE;
				GCC_WARN_UNUSED_FUNCTION = YES;
				GCC_WARN_UNUSED_VARIABLE = YES;
				IPHONEOS_DEPLOYMENT_TARGET = 13.0;
				MTL_ENABLE_DEBUG_INFO = INCLUDE_SOURCE;
				MTL_FAST_MATH = YES;
				ONLY_ACTIVE_ARCH = YES;
				SDKROOT = iphoneos;
				SWIFT_ACTIVE_COMPILATION_CONDITIONS = DEBUG;
				SWIFT_OPTIMIZATION_LEVEL = "-Onone";
			};
			name = Debug;
		};
		5DE602952718B87100341772 /* Release */ = {
			isa = XCBuildConfiguration;
			buildSettings = {
				ALWAYS_SEARCH_USER_PATHS = NO;
				CLANG_ANALYZER_LOCALIZABILITY_NONLOCALIZED = YES;
				CLANG_ANALYZER_NONNULL = YES;
				CLANG_ANALYZER_NUMBER_OBJECT_CONVERSION = YES_AGGRESSIVE;
				CLANG_CXX_LANGUAGE_STANDARD = "gnu++17";
				CLANG_CXX_LIBRARY = "libc++";
				CLANG_ENABLE_MODULES = YES;
				CLANG_ENABLE_OBJC_ARC = YES;
				CLANG_ENABLE_OBJC_WEAK = YES;
				CLANG_WARN_BLOCK_CAPTURE_AUTORELEASING = YES;
				CLANG_WARN_BOOL_CONVERSION = YES;
				CLANG_WARN_COMMA = YES;
				CLANG_WARN_CONSTANT_CONVERSION = YES;
				CLANG_WARN_DEPRECATED_OBJC_IMPLEMENTATIONS = YES;
				CLANG_WARN_DIRECT_OBJC_ISA_USAGE = YES_ERROR;
				CLANG_WARN_DOCUMENTATION_COMMENTS = YES;
				CLANG_WARN_EMPTY_BODY = YES;
				CLANG_WARN_ENUM_CONVERSION = YES;
				CLANG_WARN_INFINITE_RECURSION = YES;
				CLANG_WARN_INT_CONVERSION = YES;
				CLANG_WARN_NON_LITERAL_NULL_CONVERSION = YES;
				CLANG_WARN_OBJC_IMPLICIT_RETAIN_SELF = YES;
				CLANG_WARN_OBJC_LITERAL_CONVERSION = YES;
				CLANG_WARN_OBJC_ROOT_CLASS = YES_ERROR;
				CLANG_WARN_QUOTED_INCLUDE_IN_FRAMEWORK_HEADER = YES;
				CLANG_WARN_RANGE_LOOP_ANALYSIS = YES;
				CLANG_WARN_STRICT_PROTOTYPES = YES;
				CLANG_WARN_SUSPICIOUS_MOVE = YES;
				CLANG_WARN_UNGUARDED_AVAILABILITY = YES_AGGRESSIVE;
				CLANG_WARN_UNREACHABLE_CODE = YES;
				CLANG_WARN__DUPLICATE_METHOD_MATCH = YES;
				COPY_PHASE_STRIP = NO;
				DEBUG_INFORMATION_FORMAT = "dwarf-with-dsym";
				ENABLE_NS_ASSERTIONS = NO;
				ENABLE_STRICT_OBJC_MSGSEND = YES;
				GCC_C_LANGUAGE_STANDARD = gnu11;
				GCC_NO_COMMON_BLOCKS = YES;
				GCC_WARN_64_TO_32_BIT_CONVERSION = YES;
				GCC_WARN_ABOUT_RETURN_TYPE = YES_ERROR;
				GCC_WARN_UNDECLARED_SELECTOR = YES;
				GCC_WARN_UNINITIALIZED_AUTOS = YES_AGGRESSIVE;
				GCC_WARN_UNUSED_FUNCTION = YES;
				GCC_WARN_UNUSED_VARIABLE = YES;
				IPHONEOS_DEPLOYMENT_TARGET = 13.0;
				MTL_ENABLE_DEBUG_INFO = NO;
				MTL_FAST_MATH = YES;
				SDKROOT = iphoneos;
				SWIFT_COMPILATION_MODE = wholemodule;
				SWIFT_OPTIMIZATION_LEVEL = "-O";
				VALIDATE_PRODUCT = YES;
			};
			name = Release;
		};
		5DE602972718B87100341772 /* Debug */ = {
			isa = XCBuildConfiguration;
			buildSettings = {
				ASSETCATALOG_COMPILER_APPICON_NAME = AppIcon;
				ASSETCATALOG_COMPILER_GLOBAL_ACCENT_COLOR_NAME = AccentColor;
				CODE_SIGN_STYLE = Automatic;
				CURRENT_PROJECT_VERSION = 1;
				DEVELOPMENT_TEAM = 8G4UL7Z7AB;
				GENERATE_INFOPLIST_FILE = YES;
				INFOPLIST_FILE = FlashCards/Info.plist;
				INFOPLIST_KEY_UIApplicationSupportsIndirectInputEvents = YES;
				INFOPLIST_KEY_UILaunchStoryboardName = LaunchScreen;
				INFOPLIST_KEY_UIMainStoryboardFile = Main;
				INFOPLIST_KEY_UISupportedInterfaceOrientations = UIInterfaceOrientationPortrait;
				INFOPLIST_KEY_UISupportedInterfaceOrientations_iPad = "UIInterfaceOrientationPortrait UIInterfaceOrientationPortraitUpsideDown UIInterfaceOrientationLandscapeLeft UIInterfaceOrientationLandscapeRight";
				INFOPLIST_KEY_UISupportedInterfaceOrientations_iPhone = "UIInterfaceOrientationPortrait UIInterfaceOrientationLandscapeLeft UIInterfaceOrientationLandscapeRight";
				IPHONEOS_DEPLOYMENT_TARGET = 15.0;
				LD_RUNPATH_SEARCH_PATHS = (
					"$(inherited)",
					"@executable_path/Frameworks",
				);
				MARKETING_VERSION = 1.0;
				PRODUCT_BUNDLE_IDENTIFIER = com.nicolasgodoy.FlashCards;
				PRODUCT_NAME = "$(TARGET_NAME)";
				SWIFT_EMIT_LOC_STRINGS = YES;
				SWIFT_VERSION = 5.0;
				TARGETED_DEVICE_FAMILY = "1,2";
			};
			name = Debug;
		};
		5DE602982718B87100341772 /* Release */ = {
			isa = XCBuildConfiguration;
			buildSettings = {
				ASSETCATALOG_COMPILER_APPICON_NAME = AppIcon;
				ASSETCATALOG_COMPILER_GLOBAL_ACCENT_COLOR_NAME = AccentColor;
				CODE_SIGN_STYLE = Automatic;
				CURRENT_PROJECT_VERSION = 1;
				DEVELOPMENT_TEAM = 8G4UL7Z7AB;
				GENERATE_INFOPLIST_FILE = YES;
				INFOPLIST_FILE = FlashCards/Info.plist;
				INFOPLIST_KEY_UIApplicationSupportsIndirectInputEvents = YES;
				INFOPLIST_KEY_UILaunchStoryboardName = LaunchScreen;
				INFOPLIST_KEY_UIMainStoryboardFile = Main;
				INFOPLIST_KEY_UISupportedInterfaceOrientations = UIInterfaceOrientationPortrait;
				INFOPLIST_KEY_UISupportedInterfaceOrientations_iPad = "UIInterfaceOrientationPortrait UIInterfaceOrientationPortraitUpsideDown UIInterfaceOrientationLandscapeLeft UIInterfaceOrientationLandscapeRight";
				INFOPLIST_KEY_UISupportedInterfaceOrientations_iPhone = "UIInterfaceOrientationPortrait UIInterfaceOrientationLandscapeLeft UIInterfaceOrientationLandscapeRight";
				IPHONEOS_DEPLOYMENT_TARGET = 15.0;
				LD_RUNPATH_SEARCH_PATHS = (
					"$(inherited)",
					"@executable_path/Frameworks",
				);
				MARKETING_VERSION = 1.0;
				PRODUCT_BUNDLE_IDENTIFIER = com.nicolasgodoy.FlashCards;
				PRODUCT_NAME = "$(TARGET_NAME)";
				SWIFT_EMIT_LOC_STRINGS = YES;
				SWIFT_VERSION = 5.0;
				TARGETED_DEVICE_FAMILY = "1,2";
			};
			name = Release;
		};
		5DE6029A2718B87100341772 /* Debug */ = {
			isa = XCBuildConfiguration;
			buildSettings = {
				ALWAYS_EMBED_SWIFT_STANDARD_LIBRARIES = YES;
				BUNDLE_LOADER = "$(TEST_HOST)";
				CODE_SIGN_STYLE = Automatic;
				CURRENT_PROJECT_VERSION = 1;
				DEVELOPMENT_TEAM = J47N8VWCY6;
				GENERATE_INFOPLIST_FILE = YES;
				IPHONEOS_DEPLOYMENT_TARGET = 15.0;
				LD_RUNPATH_SEARCH_PATHS = (
					"$(inherited)",
					"@executable_path/Frameworks",
					"@loader_path/Frameworks",
				);
				MARKETING_VERSION = 1.0;
				PRODUCT_BUNDLE_IDENTIFIER = com.nicolasgodoy.FlashCardsTests;
				PRODUCT_NAME = "$(TARGET_NAME)";
				SWIFT_EMIT_LOC_STRINGS = NO;
				SWIFT_VERSION = 5.0;
				TARGETED_DEVICE_FAMILY = "1,2";
				TEST_HOST = "$(BUILT_PRODUCTS_DIR)/FlashCards.app/FlashCards";
			};
			name = Debug;
		};
		5DE6029B2718B87100341772 /* Release */ = {
			isa = XCBuildConfiguration;
			buildSettings = {
				ALWAYS_EMBED_SWIFT_STANDARD_LIBRARIES = YES;
				BUNDLE_LOADER = "$(TEST_HOST)";
				CODE_SIGN_STYLE = Automatic;
				CURRENT_PROJECT_VERSION = 1;
				DEVELOPMENT_TEAM = J47N8VWCY6;
				GENERATE_INFOPLIST_FILE = YES;
				IPHONEOS_DEPLOYMENT_TARGET = 15.0;
				LD_RUNPATH_SEARCH_PATHS = (
					"$(inherited)",
					"@executable_path/Frameworks",
					"@loader_path/Frameworks",
				);
				MARKETING_VERSION = 1.0;
				PRODUCT_BUNDLE_IDENTIFIER = com.nicolasgodoy.FlashCardsTests;
				PRODUCT_NAME = "$(TARGET_NAME)";
				SWIFT_EMIT_LOC_STRINGS = NO;
				SWIFT_VERSION = 5.0;
				TARGETED_DEVICE_FAMILY = "1,2";
				TEST_HOST = "$(BUILT_PRODUCTS_DIR)/FlashCards.app/FlashCards";
			};
			name = Release;
		};
		5DE6029D2718B87100341772 /* Debug */ = {
			isa = XCBuildConfiguration;
			buildSettings = {
				ALWAYS_EMBED_SWIFT_STANDARD_LIBRARIES = YES;
				CODE_SIGN_STYLE = Automatic;
				CURRENT_PROJECT_VERSION = 1;
				DEVELOPMENT_TEAM = J47N8VWCY6;
				GENERATE_INFOPLIST_FILE = YES;
				LD_RUNPATH_SEARCH_PATHS = (
					"$(inherited)",
					"@executable_path/Frameworks",
					"@loader_path/Frameworks",
				);
				MARKETING_VERSION = 1.0;
				PRODUCT_BUNDLE_IDENTIFIER = com.nicolasgodoy.FlashCardsUITests;
				PRODUCT_NAME = "$(TARGET_NAME)";
				SWIFT_EMIT_LOC_STRINGS = NO;
				SWIFT_VERSION = 5.0;
				TARGETED_DEVICE_FAMILY = "1,2";
				TEST_TARGET_NAME = FlashCards;
			};
			name = Debug;
		};
		5DE6029E2718B87100341772 /* Release */ = {
			isa = XCBuildConfiguration;
			buildSettings = {
				ALWAYS_EMBED_SWIFT_STANDARD_LIBRARIES = YES;
				CODE_SIGN_STYLE = Automatic;
				CURRENT_PROJECT_VERSION = 1;
				DEVELOPMENT_TEAM = J47N8VWCY6;
				GENERATE_INFOPLIST_FILE = YES;
				LD_RUNPATH_SEARCH_PATHS = (
					"$(inherited)",
					"@executable_path/Frameworks",
					"@loader_path/Frameworks",
				);
				MARKETING_VERSION = 1.0;
				PRODUCT_BUNDLE_IDENTIFIER = com.nicolasgodoy.FlashCardsUITests;
				PRODUCT_NAME = "$(TARGET_NAME)";
				SWIFT_EMIT_LOC_STRINGS = NO;
				SWIFT_VERSION = 5.0;
				TARGETED_DEVICE_FAMILY = "1,2";
				TEST_TARGET_NAME = FlashCards;
			};
			name = Release;
		};
/* End XCBuildConfiguration section */

/* Begin XCConfigurationList section */
		5DE602642718B86E00341772 /* Build configuration list for PBXProject "FlashCards" */ = {
			isa = XCConfigurationList;
			buildConfigurations = (
				5DE602942718B87100341772 /* Debug */,
				5DE602952718B87100341772 /* Release */,
			);
			defaultConfigurationIsVisible = 0;
			defaultConfigurationName = Release;
		};
		5DE602962718B87100341772 /* Build configuration list for PBXNativeTarget "FlashCards" */ = {
			isa = XCConfigurationList;
			buildConfigurations = (
				5DE602972718B87100341772 /* Debug */,
				5DE602982718B87100341772 /* Release */,
			);
			defaultConfigurationIsVisible = 0;
			defaultConfigurationName = Release;
		};
		5DE602992718B87100341772 /* Build configuration list for PBXNativeTarget "FlashCardsTests" */ = {
			isa = XCConfigurationList;
			buildConfigurations = (
				5DE6029A2718B87100341772 /* Debug */,
				5DE6029B2718B87100341772 /* Release */,
			);
			defaultConfigurationIsVisible = 0;
			defaultConfigurationName = Release;
		};
		5DE6029C2718B87100341772 /* Build configuration list for PBXNativeTarget "FlashCardsUITests" */ = {
			isa = XCConfigurationList;
			buildConfigurations = (
				5DE6029D2718B87100341772 /* Debug */,
				5DE6029E2718B87100341772 /* Release */,
			);
			defaultConfigurationIsVisible = 0;
			defaultConfigurationName = Release;
		};
/* End XCConfigurationList section */

/* Begin XCVersionGroup section */
		5DE602752718B86E00341772 /* FlashCards.xcdatamodeld */ = {
			isa = XCVersionGroup;
			children = (
				5DE602762718B86E00341772 /* FlashCards.xcdatamodel */,
			);
			currentVersion = 5DE602762718B86E00341772 /* FlashCards.xcdatamodel */;
			path = FlashCards.xcdatamodeld;
			sourceTree = "<group>";
			versionGroupType = wrapper.xcdatamodel;
		};
/* End XCVersionGroup section */
	};
	rootObject = 5DE602612718B86E00341772 /* Project object */;
}
